
Microsoft Visual Studio Solution File, Format Version 12.00
# Visual Studio Version 17
VisualStudioVersion = 17.9.34728.123
MinimumVisualStudioVersion = 10.0.40219.1
Project("{FAE04EC0-301F-11D3-BF4B-00C04F79EFBC}") = "RS2_Camping_Neretva.API", "RS2_Camping_Neretva.API\RS2_Camping_Neretva.API.csproj", "{FCB650E0-024B-4E0B-AF4D-7044098CAC99}"
EndProject
Project("{FAE04EC0-301F-11D3-BF4B-00C04F79EFBC}") = "RS2_Camping_Neretva.Model", "RS2_Camping_Neretva.Model\RS2_Camping_Neretva.Model.csproj", "{034748F6-EB6D-48F6-9022-247C91FC02C2}"
EndProject
Project("{FAE04EC0-301F-11D3-BF4B-00C04F79EFBC}") = "RS2_Camping_Neretva.Service", "RS2_Camping_Neretva.Service\RS2_Camping_Neretva.Service.csproj", "{A286A8BC-B287-4498-948D-D488C8A11C77}"
EndProject
Global
	GlobalSection(SolutionConfigurationPlatforms) = preSolution
		Debug|Any CPU = Debug|Any CPU
		Release|Any CPU = Release|Any CPU
	EndGlobalSection
	GlobalSection(ProjectConfigurationPlatforms) = postSolution
		{FCB650E0-024B-4E0B-AF4D-7044098CAC99}.Debug|Any CPU.ActiveCfg = Debug|Any CPU
		{FCB650E0-024B-4E0B-AF4D-7044098CAC99}.Debug|Any CPU.Build.0 = Debug|Any CPU
		{FCB650E0-024B-4E0B-AF4D-7044098CAC99}.Release|Any CPU.ActiveCfg = Release|Any CPU
		{FCB650E0-024B-4E0B-AF4D-7044098CAC99}.Release|Any CPU.Build.0 = Release|Any CPU
		{034748F6-EB6D-48F6-9022-247C91FC02C2}.Debug|Any CPU.ActiveCfg = Debug|Any CPU
		{034748F6-EB6D-48F6-9022-247C91FC02C2}.Debug|Any CPU.Build.0 = Debug|Any CPU
		{034748F6-EB6D-48F6-9022-247C91FC02C2}.Release|Any CPU.ActiveCfg = Release|Any CPU
		{034748F6-EB6D-48F6-9022-247C91FC02C2}.Release|Any CPU.Build.0 = Release|Any CPU
		{A286A8BC-B287-4498-948D-D488C8A11C77}.Debug|Any CPU.ActiveCfg = Debug|Any CPU
		{A286A8BC-B287-4498-948D-D488C8A11C77}.Debug|Any CPU.Build.0 = Debug|Any CPU
		{A286A8BC-B287-4498-948D-D488C8A11C77}.Release|Any CPU.ActiveCfg = Release|Any CPU
		{A286A8BC-B287-4498-948D-D488C8A11C77}.Release|Any CPU.Build.0 = Release|Any CPU
	EndGlobalSection
	GlobalSection(SolutionProperties) = preSolution
		HideSolutionNode = FALSE
	EndGlobalSection
	GlobalSection(ExtensibilityGlobals) = postSolution
		SolutionGuid = {E35860A3-4549-4BB0-BE7C-36A1E9DC5834}
	EndGlobalSection
EndGlobal
